// !$*UTF8*$!
{
	archiveVersion = 1;
	classes = {
	};
	objectVersion = 55;
	objects = {

/* Begin PBXBuildFile section */
		FA499ECB27C826B8009DE506 /* AppDelegate.swift in Sources */ = {isa = PBXBuildFile; fileRef = FA499ECA27C826B8009DE506 /* AppDelegate.swift */; };
		FA499ECD27C826B8009DE506 /* SceneDelegate.swift in Sources */ = {isa = PBXBuildFile; fileRef = FA499ECC27C826B8009DE506 /* SceneDelegate.swift */; };
		FA499ECF27C826B8009DE506 /* ViewController.swift in Sources */ = {isa = PBXBuildFile; fileRef = FA499ECE27C826B8009DE506 /* ViewController.swift */; };
		FA499ED227C826B8009DE506 /* Main.storyboard in Resources */ = {isa = PBXBuildFile; fileRef = FA499ED027C826B8009DE506 /* Main.storyboard */; };
		FA499ED427C826BA009DE506 /* Assets.xcassets in Resources */ = {isa = PBXBuildFile; fileRef = FA499ED327C826BA009DE506 /* Assets.xcassets */; };
		FA499ED727C826BA009DE506 /* LaunchScreen.storyboard in Resources */ = {isa = PBXBuildFile; fileRef = FA499ED527C826BA009DE506 /* LaunchScreen.storyboard */; };
		FA499EDC27C826BA009DE506 /* CoinFlip WatchKit App.app in Embed Watch Content */ = {isa = PBXBuildFile; fileRef = FA499EDB27C826BA009DE506 /* CoinFlip WatchKit App.app */; settings = {ATTRIBUTES = (RemoveHeadersOnCopy, ); }; };
		FA499EE227C826BB009DE506 /* Interface.storyboard in Resources */ = {isa = PBXBuildFile; fileRef = FA499EE027C826BB009DE506 /* Interface.storyboard */; };
		FA499EE427C826BC009DE506 /* Assets.xcassets in Resources */ = {isa = PBXBuildFile; fileRef = FA499EE327C826BC009DE506 /* Assets.xcassets */; };
		FA499EEA27C826BC009DE506 /* CoinFlip WatchKit Extension.appex in Embed App Extensions */ = {isa = PBXBuildFile; fileRef = FA499EE927C826BC009DE506 /* CoinFlip WatchKit Extension.appex */; settings = {ATTRIBUTES = (RemoveHeadersOnCopy, ); }; };
		FA499EEF27C826BC009DE506 /* InterfaceController.swift in Sources */ = {isa = PBXBuildFile; fileRef = FA499EEE27C826BC009DE506 /* InterfaceController.swift */; };
		FA499EF127C826BC009DE506 /* ExtensionDelegate.swift in Sources */ = {isa = PBXBuildFile; fileRef = FA499EF027C826BC009DE506 /* ExtensionDelegate.swift */; };
		FA499EF327C826BC009DE506 /* NotificationController.swift in Sources */ = {isa = PBXBuildFile; fileRef = FA499EF227C826BC009DE506 /* NotificationController.swift */; };
		FA499EF527C826BC009DE506 /* ComplicationController.swift in Sources */ = {isa = PBXBuildFile; fileRef = FA499EF427C826BC009DE506 /* ComplicationController.swift */; };
		FA499EF727C826BE009DE506 /* Assets.xcassets in Resources */ = {isa = PBXBuildFile; fileRef = FA499EF627C826BE009DE506 /* Assets.xcassets */; };
/* End PBXBuildFile section */

/* Begin PBXContainerItemProxy section */
		FA499EDD27C826BA009DE506 /* PBXContainerItemProxy */ = {
			isa = PBXContainerItemProxy;
			containerPortal = FA499EBF27C826B7009DE506 /* Project object */;
			proxyType = 1;
			remoteGlobalIDString = FA499EDA27C826BA009DE506;
			remoteInfo = "CoinFlip WatchKit App";
		};
		FA499EEB27C826BC009DE506 /* PBXContainerItemProxy */ = {
			isa = PBXContainerItemProxy;
			containerPortal = FA499EBF27C826B7009DE506 /* Project object */;
			proxyType = 1;
			remoteGlobalIDString = FA499EE827C826BC009DE506;
			remoteInfo = "CoinFlip WatchKit Extension";
		};
/* End PBXContainerItemProxy section */

/* Begin PBXCopyFilesBuildPhase section */
		FA499EFF27C826BE009DE506 /* Embed App Extensions */ = {
			isa = PBXCopyFilesBuildPhase;
			buildActionMask = 2147483647;
			dstPath = "";
			dstSubfolderSpec = 13;
			files = (
				FA499EEA27C826BC009DE506 /* CoinFlip WatchKit Extension.appex in Embed App Extensions */,
			);
			name = "Embed App Extensions";
			runOnlyForDeploymentPostprocessing = 0;
		};
		FA499F0327C826BE009DE506 /* Embed Watch Content */ = {
			isa = PBXCopyFilesBuildPhase;
			buildActionMask = 2147483647;
			dstPath = "$(CONTENTS_FOLDER_PATH)/Watch";
			dstSubfolderSpec = 16;
			files = (
				FA499EDC27C826BA009DE506 /* CoinFlip WatchKit App.app in Embed Watch Content */,
			);
			name = "Embed Watch Content";
			runOnlyForDeploymentPostprocessing = 0;
		};
/* End PBXCopyFilesBuildPhase section */

/* Begin PBXFileReference section */
		FA499EC727C826B8009DE506 /* CoinFlip.app */ = {isa = PBXFileReference; explicitFileType = wrapper.application; includeInIndex = 0; path = CoinFlip.app; sourceTree = BUILT_PRODUCTS_DIR; };
		FA499ECA27C826B8009DE506 /* AppDelegate.swift */ = {isa = PBXFileReference; lastKnownFileType = sourcecode.swift; path = AppDelegate.swift; sourceTree = "<group>"; };
		FA499ECC27C826B8009DE506 /* SceneDelegate.swift */ = {isa = PBXFileReference; lastKnownFileType = sourcecode.swift; path = SceneDelegate.swift; sourceTree = "<group>"; };
		FA499ECE27C826B8009DE506 /* ViewController.swift */ = {isa = PBXFileReference; lastKnownFileType = sourcecode.swift; path = ViewController.swift; sourceTree = "<group>"; };
		FA499ED127C826B8009DE506 /* Base */ = {isa = PBXFileReference; lastKnownFileType = file.storyboard; name = Base; path = Base.lproj/Main.storyboard; sourceTree = "<group>"; };
		FA499ED327C826BA009DE506 /* Assets.xcassets */ = {isa = PBXFileReference; lastKnownFileType = folder.assetcatalog; path = Assets.xcassets; sourceTree = "<group>"; };
		FA499ED627C826BA009DE506 /* Base */ = {isa = PBXFileReference; lastKnownFileType = file.storyboard; name = Base; path = Base.lproj/LaunchScreen.storyboard; sourceTree = "<group>"; };
		FA499ED827C826BA009DE506 /* Info.plist */ = {isa = PBXFileReference; lastKnownFileType = text.plist.xml; path = Info.plist; sourceTree = "<group>"; };
		FA499EDB27C826BA009DE506 /* CoinFlip WatchKit App.app */ = {isa = PBXFileReference; explicitFileType = wrapper.application; includeInIndex = 0; path = "CoinFlip WatchKit App.app"; sourceTree = BUILT_PRODUCTS_DIR; };
		FA499EE127C826BB009DE506 /* Base */ = {isa = PBXFileReference; lastKnownFileType = file.storyboard; name = Base; path = Base.lproj/Interface.storyboard; sourceTree = "<group>"; };
		FA499EE327C826BC009DE506 /* Assets.xcassets */ = {isa = PBXFileReference; lastKnownFileType = folder.assetcatalog; path = Assets.xcassets; sourceTree = "<group>"; };
		FA499EE927C826BC009DE506 /* CoinFlip WatchKit Extension.appex */ = {isa = PBXFileReference; explicitFileType = "wrapper.app-extension"; includeInIndex = 0; path = "CoinFlip WatchKit Extension.appex"; sourceTree = BUILT_PRODUCTS_DIR; };
		FA499EEE27C826BC009DE506 /* InterfaceController.swift */ = {isa = PBXFileReference; lastKnownFileType = sourcecode.swift; path = InterfaceController.swift; sourceTree = "<group>"; };
		FA499EF027C826BC009DE506 /* ExtensionDelegate.swift */ = {isa = PBXFileReference; lastKnownFileType = sourcecode.swift; path = ExtensionDelegate.swift; sourceTree = "<group>"; };
		FA499EF227C826BC009DE506 /* NotificationController.swift */ = {isa = PBXFileReference; lastKnownFileType = sourcecode.swift; path = NotificationController.swift; sourceTree = "<group>"; };
		FA499EF427C826BC009DE506 /* ComplicationController.swift */ = {isa = PBXFileReference; lastKnownFileType = sourcecode.swift; path = ComplicationController.swift; sourceTree = "<group>"; };
		FA499EF627C826BE009DE506 /* Assets.xcassets */ = {isa = PBXFileReference; lastKnownFileType = folder.assetcatalog; path = Assets.xcassets; sourceTree = "<group>"; };
		FA499EF827C826BE009DE506 /* Info.plist */ = {isa = PBXFileReference; lastKnownFileType = text.plist.xml; path = Info.plist; sourceTree = "<group>"; };
		FA499EF927C826BE009DE506 /* PushNotificationPayload.apns */ = {isa = PBXFileReference; lastKnownFileType = text; path = PushNotificationPayload.apns; sourceTree = "<group>"; };
/* End PBXFileReference section */

/* Begin PBXFrameworksBuildPhase section */
		FA499EC427C826B8009DE506 /* Frameworks */ = {
			isa = PBXFrameworksBuildPhase;
			buildActionMask = 2147483647;
			files = (
			);
			runOnlyForDeploymentPostprocessing = 0;
		};
		FA499EE627C826BC009DE506 /* Frameworks */ = {
			isa = PBXFrameworksBuildPhase;
			buildActionMask = 2147483647;
			files = (
			);
			runOnlyForDeploymentPostprocessing = 0;
		};
/* End PBXFrameworksBuildPhase section */

/* Begin PBXGroup section */
		FA499EBE27C826B7009DE506 = {
			isa = PBXGroup;
			children = (
				FA499EC927C826B8009DE506 /* CoinFlip */,
				FA499EDF27C826BA009DE506 /* CoinFlip WatchKit App */,
				FA499EED27C826BC009DE506 /* CoinFlip WatchKit Extension */,
				FA499EC827C826B8009DE506 /* Products */,
			);
			sourceTree = "<group>";
		};
		FA499EC827C826B8009DE506 /* Products */ = {
			isa = PBXGroup;
			children = (
				FA499EC727C826B8009DE506 /* CoinFlip.app */,
				FA499EDB27C826BA009DE506 /* CoinFlip WatchKit App.app */,
				FA499EE927C826BC009DE506 /* CoinFlip WatchKit Extension.appex */,
			);
			name = Products;
			sourceTree = "<group>";
		};
		FA499EC927C826B8009DE506 /* CoinFlip */ = {
			isa = PBXGroup;
			children = (
				FA499ECA27C826B8009DE506 /* AppDelegate.swift */,
				FA499ECC27C826B8009DE506 /* SceneDelegate.swift */,
				FA499ECE27C826B8009DE506 /* ViewController.swift */,
				FA499ED027C826B8009DE506 /* Main.storyboard */,
				FA499ED327C826BA009DE506 /* Assets.xcassets */,
				FA499ED527C826BA009DE506 /* LaunchScreen.storyboard */,
				FA499ED827C826BA009DE506 /* Info.plist */,
			);
			path = CoinFlip;
			sourceTree = "<group>";
		};
		FA499EDF27C826BA009DE506 /* CoinFlip WatchKit App */ = {
			isa = PBXGroup;
			children = (
				FA499EE027C826BB009DE506 /* Interface.storyboard */,
				FA499EE327C826BC009DE506 /* Assets.xcassets */,
			);
			path = "CoinFlip WatchKit App";
			sourceTree = "<group>";
		};
		FA499EED27C826BC009DE506 /* CoinFlip WatchKit Extension */ = {
			isa = PBXGroup;
			children = (
				FA499EEE27C826BC009DE506 /* InterfaceController.swift */,
				FA499EF027C826BC009DE506 /* ExtensionDelegate.swift */,
				FA499EF227C826BC009DE506 /* NotificationController.swift */,
				FA499EF427C826BC009DE506 /* ComplicationController.swift */,
				FA499EF627C826BE009DE506 /* Assets.xcassets */,
				FA499EF827C826BE009DE506 /* Info.plist */,
				FA499EF927C826BE009DE506 /* PushNotificationPayload.apns */,
			);
			path = "CoinFlip WatchKit Extension";
			sourceTree = "<group>";
		};
/* End PBXGroup section */

/* Begin PBXNativeTarget section */
		FA499EC627C826B8009DE506 /* CoinFlip */ = {
			isa = PBXNativeTarget;
			buildConfigurationList = FA499F0427C826BE009DE506 /* Build configuration list for PBXNativeTarget "CoinFlip" */;
			buildPhases = (
				FA499EC327C826B8009DE506 /* Sources */,
				FA499EC427C826B8009DE506 /* Frameworks */,
				FA499EC527C826B8009DE506 /* Resources */,
				FA499F0327C826BE009DE506 /* Embed Watch Content */,
			);
			buildRules = (
			);
			dependencies = (
				FA499EDE27C826BA009DE506 /* PBXTargetDependency */,
			);
			name = CoinFlip;
			productName = CoinFlip;
			productReference = FA499EC727C826B8009DE506 /* CoinFlip.app */;
			productType = "com.apple.product-type.application";
		};
		FA499EDA27C826BA009DE506 /* CoinFlip WatchKit App */ = {
			isa = PBXNativeTarget;
			buildConfigurationList = FA499F0027C826BE009DE506 /* Build configuration list for PBXNativeTarget "CoinFlip WatchKit App" */;
			buildPhases = (
				FA499ED927C826BA009DE506 /* Resources */,
				FA499EFF27C826BE009DE506 /* Embed App Extensions */,
			);
			buildRules = (
			);
			dependencies = (
				FA499EEC27C826BC009DE506 /* PBXTargetDependency */,
			);
			name = "CoinFlip WatchKit App";
			productName = "CoinFlip WatchKit App";
			productReference = FA499EDB27C826BA009DE506 /* CoinFlip WatchKit App.app */;
			productType = "com.apple.product-type.application.watchapp2";
		};
		FA499EE827C826BC009DE506 /* CoinFlip WatchKit Extension */ = {
			isa = PBXNativeTarget;
			buildConfigurationList = FA499EFC27C826BE009DE506 /* Build configuration list for PBXNativeTarget "CoinFlip WatchKit Extension" */;
			buildPhases = (
				FA499EE527C826BC009DE506 /* Sources */,
				FA499EE627C826BC009DE506 /* Frameworks */,
				FA499EE727C826BC009DE506 /* Resources */,
			);
			buildRules = (
			);
			dependencies = (
			);
			name = "CoinFlip WatchKit Extension";
			productName = "CoinFlip WatchKit Extension";
			productReference = FA499EE927C826BC009DE506 /* CoinFlip WatchKit Extension.appex */;
			productType = "com.apple.product-type.watchkit2-extension";
		};
/* End PBXNativeTarget section */

/* Begin PBXProject section */
		FA499EBF27C826B7009DE506 /* Project object */ = {
			isa = PBXProject;
			attributes = {
				BuildIndependentTargetsInParallel = 1;
				LastSwiftUpdateCheck = 1320;
				LastUpgradeCheck = 1320;
				TargetAttributes = {
					FA499EC627C826B8009DE506 = {
						CreatedOnToolsVersion = 13.2.1;
					};
					FA499EDA27C826BA009DE506 = {
						CreatedOnToolsVersion = 13.2.1;
					};
					FA499EE827C826BC009DE506 = {
						CreatedOnToolsVersion = 13.2.1;
					};
				};
			};
			buildConfigurationList = FA499EC227C826B7009DE506 /* Build configuration list for PBXProject "CoinFlip" */;
			compatibilityVersion = "Xcode 13.0";
			developmentRegion = en;
			hasScannedForEncodings = 0;
			knownRegions = (
				en,
				Base,
			);
			mainGroup = FA499EBE27C826B7009DE506;
			productRefGroup = FA499EC827C826B8009DE506 /* Products */;
			projectDirPath = "";
			projectRoot = "";
			targets = (
				FA499EC627C826B8009DE506 /* CoinFlip */,
				FA499EDA27C826BA009DE506 /* CoinFlip WatchKit App */,
				FA499EE827C826BC009DE506 /* CoinFlip WatchKit Extension */,
			);
		};
/* End PBXProject section */

/* Begin PBXResourcesBuildPhase section */
		FA499EC527C826B8009DE506 /* Resources */ = {
			isa = PBXResourcesBuildPhase;
			buildActionMask = 2147483647;
			files = (
				FA499ED727C826BA009DE506 /* LaunchScreen.storyboard in Resources */,
				FA499ED427C826BA009DE506 /* Assets.xcassets in Resources */,
				FA499ED227C826B8009DE506 /* Main.storyboard in Resources */,
			);
			runOnlyForDeploymentPostprocessing = 0;
		};
		FA499ED927C826BA009DE506 /* Resources */ = {
			isa = PBXResourcesBuildPhase;
			buildActionMask = 2147483647;
			files = (
				FA499EE427C826BC009DE506 /* Assets.xcassets in Resources */,
				FA499EE227C826BB009DE506 /* Interface.storyboard in Resources */,
			);
			runOnlyForDeploymentPostprocessing = 0;
		};
		FA499EE727C826BC009DE506 /* Resources */ = {
			isa = PBXResourcesBuildPhase;
			buildActionMask = 2147483647;
			files = (
				FA499EF727C826BE009DE506 /* Assets.xcassets in Resources */,
			);
			runOnlyForDeploymentPostprocessing = 0;
		};
/* End PBXResourcesBuildPhase section */

/* Begin PBXSourcesBuildPhase section */
		FA499EC327C826B8009DE506 /* Sources */ = {
			isa = PBXSourcesBuildPhase;
			buildActionMask = 2147483647;
			files = (
				FA499ECF27C826B8009DE506 /* ViewController.swift in Sources */,
				FA499ECB27C826B8009DE506 /* AppDelegate.swift in Sources */,
				FA499ECD27C826B8009DE506 /* SceneDelegate.swift in Sources */,
			);
			runOnlyForDeploymentPostprocessing = 0;
		};
		FA499EE527C826BC009DE506 /* Sources */ = {
			isa = PBXSourcesBuildPhase;
			buildActionMask = 2147483647;
			files = (
				FA499EF327C826BC009DE506 /* NotificationController.swift in Sources */,
				FA499EF527C826BC009DE506 /* ComplicationController.swift in Sources */,
				FA499EF127C826BC009DE506 /* ExtensionDelegate.swift in Sources */,
				FA499EEF27C826BC009DE506 /* InterfaceController.swift in Sources */,
			);
			runOnlyForDeploymentPostprocessing = 0;
		};
/* End PBXSourcesBuildPhase section */

/* Begin PBXTargetDependency section */
		FA499EDE27C826BA009DE506 /* PBXTargetDependency */ = {
			isa = PBXTargetDependency;
			target = FA499EDA27C826BA009DE506 /* CoinFlip WatchKit App */;
			targetProxy = FA499EDD27C826BA009DE506 /* PBXContainerItemProxy */;
		};
		FA499EEC27C826BC009DE506 /* PBXTargetDependency */ = {
			isa = PBXTargetDependency;
			target = FA499EE827C826BC009DE506 /* CoinFlip WatchKit Extension */;
			targetProxy = FA499EEB27C826BC009DE506 /* PBXContainerItemProxy */;
		};
/* End PBXTargetDependency section */

/* Begin PBXVariantGroup section */
		FA499ED027C826B8009DE506 /* Main.storyboard */ = {
			isa = PBXVariantGroup;
			children = (
				FA499ED127C826B8009DE506 /* Base */,
			);
			name = Main.storyboard;
			sourceTree = "<group>";
		};
		FA499ED527C826BA009DE506 /* LaunchScreen.storyboard */ = {
			isa = PBXVariantGroup;
			children = (
				FA499ED627C826BA009DE506 /* Base */,
			);
			name = LaunchScreen.storyboard;
			sourceTree = "<group>";
		};
		FA499EE027C826BB009DE506 /* Interface.storyboard */ = {
			isa = PBXVariantGroup;
			children = (
				FA499EE127C826BB009DE506 /* Base */,
			);
			name = Interface.storyboard;
			sourceTree = "<group>";
		};
/* End PBXVariantGroup section */

/* Begin XCBuildConfiguration section */
		FA499EFA27C826BE009DE506 /* Debug */ = {
			isa = XCBuildConfiguration;
			buildSettings = {
				ALWAYS_SEARCH_USER_PATHS = NO;
				CLANG_ANALYZER_NONNULL = YES;
				CLANG_ANALYZER_NUMBER_OBJECT_CONVERSION = YES_AGGRESSIVE;
				CLANG_CXX_LANGUAGE_STANDARD = "gnu++17";
				CLANG_CXX_LIBRARY = "libc++";
				CLANG_ENABLE_MODULES = YES;
				CLANG_ENABLE_OBJC_ARC = YES;
				CLANG_ENABLE_OBJC_WEAK = YES;
				CLANG_WARN_BLOCK_CAPTURE_AUTORELEASING = YES;
				CLANG_WARN_BOOL_CONVERSION = YES;
				CLANG_WARN_COMMA = YES;
				CLANG_WARN_CONSTANT_CONVERSION = YES;
				CLANG_WARN_DEPRECATED_OBJC_IMPLEMENTATIONS = YES;
				CLANG_WARN_DIRECT_OBJC_ISA_USAGE = YES_ERROR;
				CLANG_WARN_DOCUMENTATION_COMMENTS = YES;
				CLANG_WARN_EMPTY_BODY = YES;
				CLANG_WARN_ENUM_CONVERSION = YES;
				CLANG_WARN_INFINITE_RECURSION = YES;
				CLANG_WARN_INT_CONVERSION = YES;
				CLANG_WARN_NON_LITERAL_NULL_CONVERSION = YES;
				CLANG_WARN_OBJC_IMPLICIT_RETAIN_SELF = YES;
				CLANG_WARN_OBJC_LITERAL_CONVERSION = YES;
				CLANG_WARN_OBJC_ROOT_CLASS = YES_ERROR;
				CLANG_WARN_QUOTED_INCLUDE_IN_FRAMEWORK_HEADER = YES;
				CLANG_WARN_RANGE_LOOP_ANALYSIS = YES;
				CLANG_WARN_STRICT_PROTOTYPES = YES;
				CLANG_WARN_SUSPICIOUS_MOVE = YES;
				CLANG_WARN_UNGUARDED_AVAILABILITY = YES_AGGRESSIVE;
				CLANG_WARN_UNREACHABLE_CODE = YES;
				CLANG_WARN__DUPLICATE_METHOD_MATCH = YES;
				COPY_PHASE_STRIP = NO;
				DEBUG_INFORMATION_FORMAT = dwarf;
				ENABLE_STRICT_OBJC_MSGSEND = YES;
				ENABLE_TESTABILITY = YES;
				GCC_C_LANGUAGE_STANDARD = gnu11;
				GCC_DYNAMIC_NO_PIC = NO;
				GCC_NO_COMMON_BLOCKS = YES;
				GCC_OPTIMIZATION_LEVEL = 0;
				GCC_PREPROCESSOR_DEFINITIONS = (
					"DEBUG=1",
					"$(inherited)",
				);
				GCC_WARN_64_TO_32_BIT_CONVERSION = YES;
				GCC_WARN_ABOUT_RETURN_TYPE = YES_ERROR;
				GCC_WARN_UNDECLARED_SELECTOR = YES;
				GCC_WARN_UNINITIALIZED_AUTOS = YES_AGGRESSIVE;
				GCC_WARN_UNUSED_FUNCTION = YES;
				GCC_WARN_UNUSED_VARIABLE = YES;
				MTL_ENABLE_DEBUG_INFO = INCLUDE_SOURCE;
				MTL_FAST_MATH = YES;
				ONLY_ACTIVE_ARCH = YES;
				SWIFT_ACTIVE_COMPILATION_CONDITIONS = DEBUG;
				SWIFT_OPTIMIZATION_LEVEL = "-Onone";
			};
			name = Debug;
		};
		FA499EFB27C826BE009DE506 /* Release */ = {
			isa = XCBuildConfiguration;
			buildSettings = {
				ALWAYS_SEARCH_USER_PATHS = NO;
				CLANG_ANALYZER_NONNULL = YES;
				CLANG_ANALYZER_NUMBER_OBJECT_CONVERSION = YES_AGGRESSIVE;
				CLANG_CXX_LANGUAGE_STANDARD = "gnu++17";
				CLANG_CXX_LIBRARY = "libc++";
				CLANG_ENABLE_MODULES = YES;
				CLANG_ENABLE_OBJC_ARC = YES;
				CLANG_ENABLE_OBJC_WEAK = YES;
				CLANG_WARN_BLOCK_CAPTURE_AUTORELEASING = YES;
				CLANG_WARN_BOOL_CONVERSION = YES;
				CLANG_WARN_COMMA = YES;
				CLANG_WARN_CONSTANT_CONVERSION = YES;
				CLANG_WARN_DEPRECATED_OBJC_IMPLEMENTATIONS = YES;
				CLANG_WARN_DIRECT_OBJC_ISA_USAGE = YES_ERROR;
				CLANG_WARN_DOCUMENTATION_COMMENTS = YES;
				CLANG_WARN_EMPTY_BODY = YES;
				CLANG_WARN_ENUM_CONVERSION = YES;
				CLANG_WARN_INFINITE_RECURSION = YES;
				CLANG_WARN_INT_CONVERSION = YES;
				CLANG_WARN_NON_LITERAL_NULL_CONVERSION = YES;
				CLANG_WARN_OBJC_IMPLICIT_RETAIN_SELF = YES;
				CLANG_WARN_OBJC_LITERAL_CONVERSION = YES;
				CLANG_WARN_OBJC_ROOT_CLASS = YES_ERROR;
				CLANG_WARN_QUOTED_INCLUDE_IN_FRAMEWORK_HEADER = YES;
				CLANG_WARN_RANGE_LOOP_ANALYSIS = YES;
				CLANG_WARN_STRICT_PROTOTYPES = YES;
				CLANG_WARN_SUSPICIOUS_MOVE = YES;
				CLANG_WARN_UNGUARDED_AVAILABILITY = YES_AGGRESSIVE;
				CLANG_WARN_UNREACHABLE_CODE = YES;
				CLANG_WARN__DUPLICATE_METHOD_MATCH = YES;
				COPY_PHASE_STRIP = NO;
				DEBUG_INFORMATION_FORMAT = "dwarf-with-dsym";
				ENABLE_NS_ASSERTIONS = NO;
				ENABLE_STRICT_OBJC_MSGSEND = YES;
				GCC_C_LANGUAGE_STANDARD = gnu11;
				GCC_NO_COMMON_BLOCKS = YES;
				GCC_WARN_64_TO_32_BIT_CONVERSION = YES;
				GCC_WARN_ABOUT_RETURN_TYPE = YES_ERROR;
				GCC_WARN_UNDECLARED_SELECTOR = YES;
				GCC_WARN_UNINITIALIZED_AUTOS = YES_AGGRESSIVE;
				GCC_WARN_UNUSED_FUNCTION = YES;
				GCC_WARN_UNUSED_VARIABLE = YES;
				MTL_ENABLE_DEBUG_INFO = NO;
				MTL_FAST_MATH = YES;
				SWIFT_COMPILATION_MODE = wholemodule;
				SWIFT_OPTIMIZATION_LEVEL = "-O";
			};
			name = Release;
		};
		FA499EFD27C826BE009DE506 /* Debug */ = {
			isa = XCBuildConfiguration;
			buildSettings = {
				ASSETCATALOG_COMPILER_COMPLICATION_NAME = Complication;
				CODE_SIGN_STYLE = Automatic;
				CURRENT_PROJECT_VERSION = 1;
				DEVELOPMENT_TEAM = 8Z37S7YNUF;
				GENERATE_INFOPLIST_FILE = YES;
				INFOPLIST_FILE = "CoinFlip WatchKit Extension/Info.plist";
				INFOPLIST_KEY_CFBundleDisplayName = "CoinFlip WatchKit Extension";
				INFOPLIST_KEY_CLKComplicationPrincipalClass = "$(PRODUCT_MODULE_NAME).ComplicationController";
				INFOPLIST_KEY_NSHumanReadableCopyright = "";
				INFOPLIST_KEY_WKExtensionDelegateClassName = "$(PRODUCT_MODULE_NAME).ExtensionDelegate";
				INFOPLIST_KEY_WKRunsIndependentlyOfCompanionApp = YES;
				LD_RUNPATH_SEARCH_PATHS = (
					"$(inherited)",
					"@executable_path/Frameworks",
					"@executable_path/../../Frameworks",
				);
				MARKETING_VERSION = 1.0;
				PRODUCT_BUNDLE_IDENTIFIER = com.alexjanci.CoinFlip.watchkitapp.watchkitextension;
				PRODUCT_NAME = "${TARGET_NAME}";
				SDKROOT = watchos;
				SKIP_INSTALL = YES;
				SWIFT_EMIT_LOC_STRINGS = YES;
				SWIFT_VERSION = 5.0;
				TARGETED_DEVICE_FAMILY = 4;
				WATCHOS_DEPLOYMENT_TARGET = 8.3;
			};
			name = Debug;
		};
		FA499EFE27C826BE009DE506 /* Release */ = {
			isa = XCBuildConfiguration;
			buildSettings = {
				ASSETCATALOG_COMPILER_COMPLICATION_NAME = Complication;
				CODE_SIGN_STYLE = Automatic;
				CURRENT_PROJECT_VERSION = 1;
				DEVELOPMENT_TEAM = 8Z37S7YNUF;
				GENERATE_INFOPLIST_FILE = YES;
				INFOPLIST_FILE = "CoinFlip WatchKit Extension/Info.plist";
				INFOPLIST_KEY_CFBundleDisplayName = "CoinFlip WatchKit Extension";
				INFOPLIST_KEY_CLKComplicationPrincipalClass = "$(PRODUCT_MODULE_NAME).ComplicationController";
				INFOPLIST_KEY_NSHumanReadableCopyright = "";
				INFOPLIST_KEY_WKExtensionDelegateClassName = "$(PRODUCT_MODULE_NAME).ExtensionDelegate";
				INFOPLIST_KEY_WKRunsIndependentlyOfCompanionApp = YES;
				LD_RUNPATH_SEARCH_PATHS = (
					"$(inherited)",
					"@executable_path/Frameworks",
					"@executable_path/../../Frameworks",
				);
				MARKETING_VERSION = 1.0;
				PRODUCT_BUNDLE_IDENTIFIER = com.alexjanci.CoinFlip.watchkitapp.watchkitextension;
				PRODUCT_NAME = "${TARGET_NAME}";
				SDKROOT = watchos;
				SKIP_INSTALL = YES;
				SWIFT_EMIT_LOC_STRINGS = YES;
				SWIFT_VERSION = 5.0;
				TARGETED_DEVICE_FAMILY = 4;
				VALIDATE_PRODUCT = YES;
				WATCHOS_DEPLOYMENT_TARGET = 8.3;
			};
			name = Release;
		};
		FA499F0127C826BE009DE506 /* Debug */ = {
			isa = XCBuildConfiguration;
			buildSettings = {
				ALWAYS_EMBED_SWIFT_STANDARD_LIBRARIES = YES;
				ASSETCATALOG_COMPILER_APPICON_NAME = AppIcon;
				ASSETCATALOG_COMPILER_GLOBAL_ACCENT_COLOR_NAME = AccentColor;
				CODE_SIGN_STYLE = Automatic;
				CURRENT_PROJECT_VERSION = 1;
				DEVELOPMENT_TEAM = 8Z37S7YNUF;
				GENERATE_INFOPLIST_FILE = YES;
				IBSC_MODULE = CoinFlip_WatchKit_Extension;
				INFOPLIST_KEY_CFBundleDisplayName = "CoinFlip WatchKit App";
				INFOPLIST_KEY_UISupportedInterfaceOrientations = "UIInterfaceOrientationPortrait UIInterfaceOrientationPortraitUpsideDown";
				INFOPLIST_KEY_WKCompanionAppBundleIdentifier = com.alexjanci.CoinFlip;
				MARKETING_VERSION = 1.0;
				PRODUCT_BUNDLE_IDENTIFIER = com.alexjanci.CoinFlip.watchkitapp;
				PRODUCT_NAME = "$(TARGET_NAME)";
				SDKROOT = watchos;
				SKIP_INSTALL = YES;
				SWIFT_EMIT_LOC_STRINGS = YES;
				SWIFT_VERSION = 5.0;
				TARGETED_DEVICE_FAMILY = 4;
				WATCHOS_DEPLOYMENT_TARGET = 8.3;
			};
			name = Debug;
		};
		FA499F0227C826BE009DE506 /* Release */ = {
			isa = XCBuildConfiguration;
			buildSettings = {
				ALWAYS_EMBED_SWIFT_STANDARD_LIBRARIES = YES;
				ASSETCATALOG_COMPILER_APPICON_NAME = AppIcon;
				ASSETCATALOG_COMPILER_GLOBAL_ACCENT_COLOR_NAME = AccentColor;
				CODE_SIGN_STYLE = Automatic;
				CURRENT_PROJECT_VERSION = 1;
				DEVELOPMENT_TEAM = 8Z37S7YNUF;
				GENERATE_INFOPLIST_FILE = YES;
				IBSC_MODULE = CoinFlip_WatchKit_Extension;
				INFOPLIST_KEY_CFBundleDisplayName = "CoinFlip WatchKit App";
				INFOPLIST_KEY_UISupportedInterfaceOrientations = "UIInterfaceOrientationPortrait UIInterfaceOrientationPortraitUpsideDown";
				INFOPLIST_KEY_WKCompanionAppBundleIdentifier = com.alexjanci.CoinFlip;
				MARKETING_VERSION = 1.0;
				PRODUCT_BUNDLE_IDENTIFIER = com.alexjanci.CoinFlip.watchkitapp;
				PRODUCT_NAME = "$(TARGET_NAME)";
				SDKROOT = watchos;
				SKIP_INSTALL = YES;
				SWIFT_EMIT_LOC_STRINGS = YES;
				SWIFT_VERSION = 5.0;
				TARGETED_DEVICE_FAMILY = 4;
				VALIDATE_PRODUCT = YES;
				WATCHOS_DEPLOYMENT_TARGET = 8.3;
			};
			name = Release;
		};
		FA499F0527C826BE009DE506 /* Debug */ = {
			isa = XCBuildConfiguration;
			buildSettings = {
				ASSETCATALOG_COMPILER_APPICON_NAME = AppIcon;
				ASSETCATALOG_COMPILER_GLOBAL_ACCENT_COLOR_NAME = AccentColor;
				CODE_SIGN_STYLE = Automatic;
				CURRENT_PROJECT_VERSION = 1;
				DEVELOPMENT_TEAM = 8Z37S7YNUF;
				GENERATE_INFOPLIST_FILE = YES;
				INFOPLIST_FILE = CoinFlip/Info.plist;
				INFOPLIST_KEY_UIApplicationSupportsIndirectInputEvents = YES;
				INFOPLIST_KEY_UILaunchStoryboardName = LaunchScreen;
				INFOPLIST_KEY_UIMainStoryboardFile = Main;
				INFOPLIST_KEY_UISupportedInterfaceOrientations_iPad = "UIInterfaceOrientationPortrait UIInterfaceOrientationPortraitUpsideDown UIInterfaceOrientationLandscapeLeft UIInterfaceOrientationLandscapeRight";
				INFOPLIST_KEY_UISupportedInterfaceOrientations_iPhone = "UIInterfaceOrientationPortrait UIInterfaceOrientationLandscapeLeft UIInterfaceOrientationLandscapeRight";
				IPHONEOS_DEPLOYMENT_TARGET = 15.2;
				LD_RUNPATH_SEARCH_PATHS = (
					"$(inherited)",
					"@executable_path/Frameworks",
				);
				MARKETING_VERSION = 1.0;
				PRODUCT_BUNDLE_IDENTIFIER = com.alexjanci.CoinFlip;
				PRODUCT_NAME = "$(TARGET_NAME)";
				SDKROOT = iphoneos;
				SWIFT_EMIT_LOC_STRINGS = YES;
				SWIFT_VERSION = 5.0;
				TARGETED_DEVICE_FAMILY = "1,2";
			};
			name = Debug;
		};
		FA499F0627C826BE009DE506 /* Release */ = {
			isa = XCBuildConfiguration;
			buildSettings = {
				ASSETCATALOG_COMPILER_APPICON_NAME = AppIcon;
				ASSETCATALOG_COMPILER_GLOBAL_ACCENT_COLOR_NAME = AccentColor;
				CODE_SIGN_STYLE = Automatic;
				CURRENT_PROJECT_VERSION = 1;
				DEVELOPMENT_TEAM = 8Z37S7YNUF;
				GENERATE_INFOPLIST_FILE = YES;
				INFOPLIST_FILE = CoinFlip/Info.plist;
				INFOPLIST_KEY_UIApplicationSupportsIndirectInputEvents = YES;
				INFOPLIST_KEY_UILaunchStoryboardName = LaunchScreen;
				INFOPLIST_KEY_UIMainStoryboardFile = Main;
				INFOPLIST_KEY_UISupportedInterfaceOrientations_iPad = "UIInterfaceOrientationPortrait UIInterfaceOrientationPortraitUpsideDown UIInterfaceOrientationLandscapeLeft UIInterfaceOrientationLandscapeRight";
				INFOPLIST_KEY_UISupportedInterfaceOrientations_iPhone = "UIInterfaceOrientationPortrait UIInterfaceOrientationLandscapeLeft UIInterfaceOrientationLandscapeRight";
				IPHONEOS_DEPLOYMENT_TARGET = 15.2;
				LD_RUNPATH_SEARCH_PATHS = (
					"$(inherited)",
					"@executable_path/Frameworks",
				);
				MARKETING_VERSION = 1.0;
				PRODUCT_BUNDLE_IDENTIFIER = com.alexjanci.CoinFlip;
				PRODUCT_NAME = "$(TARGET_NAME)";
				SDKROOT = iphoneos;
				SWIFT_EMIT_LOC_STRINGS = YES;
				SWIFT_VERSION = 5.0;
				TARGETED_DEVICE_FAMILY = "1,2";
				VALIDATE_PRODUCT = YES;
			};
			name = Release;
		};
/* End XCBuildConfiguration section */

/* Begin XCConfigurationList section */
		FA499EC227C826B7009DE506 /* Build configuration list for PBXProject "CoinFlip" */ = {
			isa = XCConfigurationList;
			buildConfigurations = (
				FA499EFA27C826BE009DE506 /* Debug */,
				FA499EFB27C826BE009DE506 /* Release */,
			);
			defaultConfigurationIsVisible = 0;
			defaultConfigurationName = Release;
		};
		FA499EFC27C826BE009DE506 /* Build configuration list for PBXNativeTarget "CoinFlip WatchKit Extension" */ = {
			isa = XCConfigurationList;
			buildConfigurations = (
				FA499EFD27C826BE009DE506 /* Debug */,
				FA499EFE27C826BE009DE506 /* Release */,
			);
			defaultConfigurationIsVisible = 0;
			defaultConfigurationName = Release;
		};
		FA499F0027C826BE009DE506 /* Build configuration list for PBXNativeTarget "CoinFlip WatchKit App" */ = {
			isa = XCConfigurationList;
			buildConfigurations = (
				FA499F0127C826BE009DE506 /* Debug */,
				FA499F0227C826BE009DE506 /* Release */,
			);
			defaultConfigurationIsVisible = 0;
			defaultConfigurationName = Release;
		};
		FA499F0427C826BE009DE506 /* Build configuration list for PBXNativeTarget "CoinFlip" */ = {
			isa = XCConfigurationList;
			buildConfigurations = (
				FA499F0527C826BE009DE506 /* Debug */,
				FA499F0627C826BE009DE506 /* Release */,
			);
			defaultConfigurationIsVisible = 0;
			defaultConfigurationName = Release;
		};
/* End XCConfigurationList section */
	};
	rootObject = FA499EBF27C826B7009DE506 /* Project object */;
}
